
Microsoft Visual Studio Solution File, Format Version 12.00
# Visual Studio Version 17
VisualStudioVersion = 17.5.001.0
MinimumVisualStudioVersion = 10.0.40219.1
Project("{FAE04EC0-301F-11D3-BF4B-00C04F79EFBC}") = "FHLB.Api", "FHLB.Api\FHLB.Api.csproj", "{B9A60590-B7A4-4B3B-86A3-D3D40259A5B8}"
EndProject
Project("{FAE04EC0-301F-11D3-BF4B-00C04F79EFBC}") = "FHLB.Api.UnitTests", "FHLB.Api.UnitTests\FHLB.Api.UnitTests.csproj", "{CC74148C-775D-4BB1-B805-85D3FF017313}"
EndProject
Global
	GlobalSection(SolutionProperties) = preSolution
		HideSolutionNode = FALSE
	EndGlobalSection
	GlobalSection(ExtensibilityGlobals) = postSolution
		SolutionGuid = {48C28EE1-0FAF-4080-BE88-C1F679C34D8D}
	EndGlobalSection
	GlobalSection(SolutionConfigurationPlatforms) = preSolution
		Debug|Any CPU = Debug|Any CPU
		Debug|x64 = Debug|x64
		Debug|x86 = Debug|x86
		Release|Any CPU = Release|Any CPU
		Release|x64 = Release|x64
		Release|x86 = Release|x86
	EndGlobalSection
	GlobalSection(ProjectConfigurationPlatforms) = postSolution
		{B9A60590-B7A4-4B3B-86A3-D3D40259A5B8}.Debug|Any CPU.ActiveCfg = Debug|Any CPU
		{B9A60590-B7A4-4B3B-86A3-D3D40259A5B8}.Debug|Any CPU.Build.0 = Debug|Any CPU
		{B9A60590-B7A4-4B3B-86A3-D3D40259A5B8}.Debug|x64.ActiveCfg = Debug|Any CPU
		{B9A60590-B7A4-4B3B-86A3-D3D40259A5B8}.Debug|x64.Build.0 = Debug|Any CPU
		{B9A60590-B7A4-4B3B-86A3-D3D40259A5B8}.Debug|x86.ActiveCfg = Debug|Any CPU
		{B9A60590-B7A4-4B3B-86A3-D3D40259A5B8}.Debug|x86.Build.0 = Debug|Any CPU
		{B9A60590-B7A4-4B3B-86A3-D3D40259A5B8}.Release|Any CPU.ActiveCfg = Release|Any CPU
		{B9A60590-B7A4-4B3B-86A3-D3D40259A5B8}.Release|Any CPU.Build.0 = Release|Any CPU
		{B9A60590-B7A4-4B3B-86A3-D3D40259A5B8}.Release|x64.ActiveCfg = Release|Any CPU
		{B9A60590-B7A4-4B3B-86A3-D3D40259A5B8}.Release|x64.Build.0 = Release|Any CPU
		{B9A60590-B7A4-4B3B-86A3-D3D40259A5B8}.Release|x86.ActiveCfg = Release|Any CPU
		{B9A60590-B7A4-4B3B-86A3-D3D40259A5B8}.Release|x86.Build.0 = Release|Any CPU
		{CC74148C-775D-4BB1-B805-85D3FF017313}.Debug|Any CPU.ActiveCfg = Debug|Any CPU
		{CC74148C-775D-4BB1-B805-85D3FF017313}.Debug|Any CPU.Build.0 = Debug|Any CPU
		{CC74148C-775D-4BB1-B805-85D3FF017313}.Debug|x64.ActiveCfg = Debug|Any CPU
		{CC74148C-775D-4BB1-B805-85D3FF017313}.Debug|x64.Build.0 = Debug|Any CPU
		{CC74148C-775D-4BB1-B805-85D3FF017313}.Debug|x86.ActiveCfg = Debug|Any CPU
		{CC74148C-775D-4BB1-B805-85D3FF017313}.Debug|x86.Build.0 = Debug|Any CPU
		{CC74148C-775D-4BB1-B805-85D3FF017313}.Release|Any CPU.ActiveCfg = Release|Any CPU
		{CC74148C-775D-4BB1-B805-85D3FF017313}.Release|Any CPU.Build.0 = Release|Any CPU
		{CC74148C-775D-4BB1-B805-85D3FF017313}.Release|x64.ActiveCfg = Release|Any CPU
		{CC74148C-775D-4BB1-B805-85D3FF017313}.Release|x64.Build.0 = Release|Any CPU
		{CC74148C-775D-4BB1-B805-85D3FF017313}.Release|x86.ActiveCfg = Release|Any CPU
		{CC74148C-775D-4BB1-B805-85D3FF017313}.Release|x86.Build.0 = Release|Any CPU
	EndGlobalSection
EndGlobal
